
Microsoft Visual Studio Solution File, Format Version 12.00
# Visual Studio 2013
VisualStudioVersion = 12.0.31101.0
MinimumVisualStudioVersion = 10.0.40219.1
Project("{FAE04EC0-301F-11D3-BF4B-00C04F79EFBC}") = "BIMToolkitAPIClient", "BIMToolkitAPIClient.csproj", "{BF5493F3-AF6A-4905-AA5C-2AAE31C33029}"
EndProject
Project("{2150E333-8FDC-42A3-9474-1A3956D46DE8}") = ".nuget", ".nuget", "{526DB57D-325A-4CEC-9B53-F9A482598DF9}"
	ProjectSection(SolutionItems) = preProject
		.nuget\packages.config = .nuget\packages.config
	EndProjectSection
EndProject
Global
	GlobalSection(SolutionConfigurationPlatforms) = preSolution
		Debug|Any CPU = Debug|Any CPU
		Release|Any CPU = Release|Any CPU
		Staging|Any CPU = Staging|Any CPU
	EndGlobalSection
	GlobalSection(ProjectConfigurationPlatforms) = postSolution
		{BF5493F3-AF6A-4905-AA5C-2AAE31C33029}.Debug|Any CPU.ActiveCfg = Debug|Any CPU
		{BF5493F3-AF6A-4905-AA5C-2AAE31C33029}.Debug|Any CPU.Build.0 = Debug|Any CPU
		{BF5493F3-AF6A-4905-AA5C-2AAE31C33029}.Release|Any CPU.ActiveCfg = Release|Any CPU
		{BF5493F3-AF6A-4905-AA5C-2AAE31C33029}.Release|Any CPU.Build.0 = Release|Any CPU
		{BF5493F3-AF6A-4905-AA5C-2AAE31C33029}.Staging|Any CPU.ActiveCfg = Staging|Any CPU
		{BF5493F3-AF6A-4905-AA5C-2AAE31C33029}.Staging|Any CPU.Build.0 = Staging|Any CPU
	EndGlobalSection
	GlobalSection(SolutionProperties) = preSolution
		HideSolutionNode = FALSE
	EndGlobalSection
EndGlobal
